{
  "lockfileVersion": 1,
  "workspaces": {
    "": {
      "name": "encounter-billing-explorer-v2",
      "dependencies": {
        "bun": "latest",
      },
      "devDependencies": {
        "@types/bun": "latest",
      },
    },
  },
  "packages": {
    "@oven/bun-darwin-aarch64": ["@oven/bun-darwin-aarch64@1.2.17", "", { "os": "darwin", "cpu": "arm64" }, "sha512-66Xjz3NZXUUWKZJPvWKuwEkaqMZpir1Gm4SbhbB2iiRSSTW8jqwdkSb9RhgTCDt5OnSPd3+Cq0WsP/T5ExJbhA=="],

    "@oven/bun-darwin-x64": ["@oven/bun-darwin-x64@1.2.17", "", { "os": "darwin", "cpu": "x64" }, "sha512-OMJMHpcpBlWcVnWfSQ6x+8fF7HpkQLqBfoIvzxgUjIZZvj2d8K46XX4N/h62RglDEinRC9VDGxt24vwvlk5tTw=="],

    "@oven/bun-darwin-x64-baseline": ["@oven/bun-darwin-x64-baseline@1.2.17", "", { "os": "darwin", "cpu": "x64" }, "sha512-VSIctl90tV8yg1LRMvPg/8LgUzl55Q7Jcxe+u6PfuvLQIJOTIPbNn7HtRpJg7MGc3+qyztB5KDd70xC7qI2yEg=="],

    "@oven/bun-linux-aarch64": ["@oven/bun-linux-aarch64@1.2.17", "", { "os": "linux", "cpu": "arm64" }, "sha512-KPoMqaibCXcSv+VZ3uMqKUNZqMxE6Hho1be6+laolYGOIJxJTMnZPfmKfIlQmnnW3vLlm3g2Rm8pPPC7doSHWg=="],

    "@oven/bun-linux-aarch64-musl": ["@oven/bun-linux-aarch64-musl@1.2.17", "", { "os": "linux", "cpu": "none" }, "sha512-PH+hUV+I6DGD1VRHdAIAKEAOed+GSdvn6S1b3qqX27/VuHBU781V+hzt+6DBlcWBHYLw8PIg9sfIdNp485gQmw=="],

    "@oven/bun-linux-x64": ["@oven/bun-linux-x64@1.2.17", "", { "os": "linux", "cpu": "x64" }, "sha512-BfySnrTxp7D9hVUi9JEpviJl8ndsuESiRiQKTzgmdTLrMjUxP4SwrwMtYt6R9X20n9rREG6a47C0IyQMhbwG/g=="],

    "@oven/bun-linux-x64-baseline": ["@oven/bun-linux-x64-baseline@1.2.17", "", { "os": "linux", "cpu": "x64" }, "sha512-IrnFMUwYWxoKICQgK8ZlJ6rI/HU2gITFNEW0MIOPIcuT0s3j0/33631M9EzYDoL4NuLQPks6569JDvSHEVqdeA=="],

    "@oven/bun-linux-x64-musl": ["@oven/bun-linux-x64-musl@1.2.17", "", { "os": "linux", "cpu": "x64" }, "sha512-fW9qn/WqO131/qSIkIPW8zN+thQnYUWa/k98EWubLG87htKSPh1v023E5ikKb7WlUv4Yb6UlE/z4NmMYKffmAg=="],

    "@oven/bun-linux-x64-musl-baseline": ["@oven/bun-linux-x64-musl-baseline@1.2.17", "", { "os": "linux", "cpu": "x64" }, "sha512-YE5wQ/YA79BykMLhuwgdoF8Yjj5dRipD8dwmXs8n7gzR+/L9tL7Q69NQgskW2KkAalmWPoGAv3TV0IwbU+1dFw=="],

    "@oven/bun-windows-x64": ["@oven/bun-windows-x64@1.2.17", "", { "os": "win32", "cpu": "x64" }, "sha512-GJUg1oA59DWH6eyV8uccpgfTEVxjmgfTWQCOl2ySMXR3IfRoFwS4aQfpjcVzNmEZrv8eYt+yMuw1K7aNcWTTIg=="],

    "@oven/bun-windows-x64-baseline": ["@oven/bun-windows-x64-baseline@1.2.17", "", { "os": "win32", "cpu": "x64" }, "sha512-aVkq4l1yZ9VKfBOtZ2HEj0OCU5kUe3Fx6LbAG6oY6OglWVYj051i3RGaE2OdR4L4F2jDyxzfGYRTM/qs8nU5qA=="],

    "@types/bun": ["@types/bun@1.2.17", "", { "dependencies": { "bun-types": "1.2.17" } }, "sha512-l/BYs/JYt+cXA/0+wUhulYJB6a6p//GTPiJ7nV+QHa8iiId4HZmnu/3J/SowP5g0rTiERY2kfGKXEK5Ehltx4Q=="],

    "@types/node": ["@types/node@24.0.7", "", { "dependencies": { "undici-types": "~7.8.0" } }, "sha512-YIEUUr4yf8q8oQoXPpSlnvKNVKDQlPMWrmOcgzoduo7kvA2UF0/BwJ/eMKFTiTtkNL17I0M6Xe2tvwFU7be6iw=="],

    "bun": ["bun@1.2.17", "", { "optionalDependencies": { "@oven/bun-darwin-aarch64": "1.2.17", "@oven/bun-darwin-x64": "1.2.17", "@oven/bun-darwin-x64-baseline": "1.2.17", "@oven/bun-linux-aarch64": "1.2.17", "@oven/bun-linux-aarch64-musl": "1.2.17", "@oven/bun-linux-x64": "1.2.17", "@oven/bun-linux-x64-baseline": "1.2.17", "@oven/bun-linux-x64-musl": "1.2.17", "@oven/bun-linux-x64-musl-baseline": "1.2.17", "@oven/bun-windows-x64": "1.2.17", "@oven/bun-windows-x64-baseline": "1.2.17" }, "os": [ "linux", "win32", "darwin", ], "cpu": [ "x64", "arm64", ], "bin": { "bun": "bin/bun.exe", "bunx": "bin/bunx.exe" } }, "sha512-lrUZTWS24eVy6v+Eph8VTwqFPcG7/XQ0rLBQEMNoQs2Vd7ctVdMGAzJKKGZRUQH+rgkD8rBeHGIVoWxX4vJLCA=="],

    "bun-types": ["bun-types@1.2.17", "", { "dependencies": { "@types/node": "*" } }, "sha512-ElC7ItwT3SCQwYZDYoAH+q6KT4Fxjl8DtZ6qDulUFBmXA8YB4xo+l54J9ZJN+k2pphfn9vk7kfubeSd5QfTVJQ=="],

    "undici-types": ["undici-types@7.8.0", "", {}, "sha512-9UJ2xGDvQ43tYyVMpuHlsgApydB8ZKfVYTsLDhXkFL/6gfkp+U8xTGdh8pMJv1SpZna0zxG1DwsKZsreLbXBxw=="],
  }
}
